{
  "name": "secondproject",
  "version": "1.0.0",
  "lockfileVersion": 2,
  "requires": true,
  "packages": {
    "": {
      "name": "secondproject",
      "version": "1.0.0",
      "license": "ISC",
      "dependencies": {
        "aos": "^3.0.0-beta.6",
        "tilt.js": "^1.2.1",
        "vanilla-tilt": "^1.7.2"
      }
    },
    "node_modules/aos": {
      "version": "3.0.0-beta.6",
      "resolved": "https://registry.npmjs.org/aos/-/aos-3.0.0-beta.6.tgz",
      "integrity": "sha512-VLWrpq8bfAWcetynVHMMrqdC+89Qq/Ym6UBJbHB4crIwp3RR8uq1dNGgsFzoDl03S43rlVMK+na3r5+oUCZsYw==",
      "dependencies": {
        "classlist-polyfill": "^1.2.0",
        "lodash.debounce": "^4.0.8",
        "lodash.throttle": "^4.1.1"
      }
    },
    "node_modules/classlist-polyfill": {
      "version": "1.2.0",
      "resolved": "https://registry.npmjs.org/classlist-polyfill/-/classlist-polyfill-1.2.0.tgz",
      "integrity": "sha512-GzIjNdcEtH4ieA2S8NmrSxv7DfEV5fmixQeyTmqmRmRJPGpRBaSnA2a0VrCjyT8iW8JjEdMbKzDotAJf+ajgaQ=="
    },
    "node_modules/jquery": {
      "version": "3.6.0",
      "resolved": "https://registry.npmjs.org/jquery/-/jquery-3.6.0.tgz",
      "integrity": "sha512-JVzAR/AjBvVt2BmYhxRCSYysDsPcssdmTFnzyLEts9qNwmjmu4JTAMYubEfwVOSwpQ1I1sKKFcxhZCI2buerfw=="
    },
    "node_modules/lodash.debounce": {
      "version": "4.0.8",
      "resolved": "https://registry.npmjs.org/lodash.debounce/-/lodash.debounce-4.0.8.tgz",
      "integrity": "sha512-FT1yDzDYEoYWhnSGnpE/4Kj1fLZkDFyqRb7fNt6FdYOSxlUWAtp42Eh6Wb0rGIv/m9Bgo7x4GhQbm5Ys4SG5ow=="
    },
    "node_modules/lodash.throttle": {
      "version": "4.1.1",
      "resolved": "https://registry.npmjs.org/lodash.throttle/-/lodash.throttle-4.1.1.tgz",
      "integrity": "sha512-wIkUCfVKpVsWo3JSZlc+8MB5it+2AN5W8J7YVMST30UrvcQNZ1Okbj+rbVniijTWE6FGYy4XJq/rHkas8qJMLQ=="
    },
    "node_modules/tilt.js": {
      "version": "1.2.1",
      "resolved": "https://registry.npmjs.org/tilt.js/-/tilt.js-1.2.1.tgz",
      "integrity": "sha512-IGRh3FJbq6BRH2ETb2KxDWont2k740oR+0QMs39QVkjnr7QmA6L1VzSKsOLgFXg5QNtHyRKp7vzFoJCYxgzsJA==",
      "dependencies": {
        "jquery": "^3.1.1"
      }
    },
    "node_modules/vanilla-tilt": {
      "version": "1.7.2",
      "resolved": "https://registry.npmjs.org/vanilla-tilt/-/vanilla-tilt-1.7.2.tgz",
      "integrity": "sha512-arf2wY2Y65rP6Zxve9PnUUnRl9nQ1KenPNae6QRaVq/PEvaIto2bC4jYirNJ19U7nLkzI1H9O+nYtcQlX7BTsA=="
    }
  },
  "dependencies": {
    "aos": {
      "version": "3.0.0-beta.6",
      "resolved": "https://registry.npmjs.org/aos/-/aos-3.0.0-beta.6.tgz",
      "integrity": "sha512-VLWrpq8bfAWcetynVHMMrqdC+89Qq/Ym6UBJbHB4crIwp3RR8uq1dNGgsFzoDl03S43rlVMK+na3r5+oUCZsYw==",
      "requires": {
        "classlist-polyfill": "^1.2.0",
        "lodash.debounce": "^4.0.8",
        "lodash.throttle": "^4.1.1"
      }
    },
    "classlist-polyfill": {
      "version": "1.2.0",
      "resolved": "https://registry.npmjs.org/classlist-polyfill/-/classlist-polyfill-1.2.0.tgz",
      "integrity": "sha512-GzIjNdcEtH4ieA2S8NmrSxv7DfEV5fmixQeyTmqmRmRJPGpRBaSnA2a0VrCjyT8iW8JjEdMbKzDotAJf+ajgaQ=="
    },
    "jquery": {
      "version": "3.6.0",
      "resolved": "https://registry.npmjs.org/jquery/-/jquery-3.6.0.tgz",
      "integrity": "sha512-JVzAR/AjBvVt2BmYhxRCSYysDsPcssdmTFnzyLEts9qNwmjmu4JTAMYubEfwVOSwpQ1I1sKKFcxhZCI2buerfw=="
    },
    "lodash.debounce": {
      "version": "4.0.8",
      "resolved": "https://registry.npmjs.org/lodash.debounce/-/lodash.debounce-4.0.8.tgz",
      "integrity": "sha512-FT1yDzDYEoYWhnSGnpE/4Kj1fLZkDFyqRb7fNt6FdYOSxlUWAtp42Eh6Wb0rGIv/m9Bgo7x4GhQbm5Ys4SG5ow=="
    },
    "lodash.throttle": {
      "version": "4.1.1",
      "resolved": "https://registry.npmjs.org/lodash.throttle/-/lodash.throttle-4.1.1.tgz",
      "integrity": "sha512-wIkUCfVKpVsWo3JSZlc+8MB5it+2AN5W8J7YVMST30UrvcQNZ1Okbj+rbVniijTWE6FGYy4XJq/rHkas8qJMLQ=="
    },
    "tilt.js": {
      "version": "1.2.1",
      "resolved": "https://registry.npmjs.org/tilt.js/-/tilt.js-1.2.1.tgz",
      "integrity": "sha512-IGRh3FJbq6BRH2ETb2KxDWont2k740oR+0QMs39QVkjnr7QmA6L1VzSKsOLgFXg5QNtHyRKp7vzFoJCYxgzsJA==",
      "requires": {
        "jquery": "^3.1.1"
      }
    },
    "vanilla-tilt": {
      "version": "1.7.2",
      "resolved": "https://registry.npmjs.org/vanilla-tilt/-/vanilla-tilt-1.7.2.tgz",
      "integrity": "sha512-arf2wY2Y65rP6Zxve9PnUUnRl9nQ1KenPNae6QRaVq/PEvaIto2bC4jYirNJ19U7nLkzI1H9O+nYtcQlX7BTsA=="
    }
  }
}
